
Microsoft Visual Studio Solution File, Format Version 12.00
# Visual Studio Version 16
VisualStudioVersion = 16.0.29326.143
MinimumVisualStudioVersion = 10.0.40219.1
Project("{2150E333-8FDC-42A3-9474-1A3956D46DE8}") = "Behavioral", "Behavioral", "{8ED2CBF9-DDA4-45BB-90A7-59363EC26012}"
EndProject
Project("{9A19103F-16F7-4668-BE54-9A1E7A4F7556}") = "DesignPatterns.BryanHansen.Mediator", "Behavioral\Mediator\DesignPatterns.BryanHansen.Mediator\DesignPatterns.BryanHansen.Mediator.csproj", "{314330CC-1835-4C26-AF82-AC7EE050EF98}"
EndProject
Project("{9A19103F-16F7-4668-BE54-9A1E7A4F7556}") = "DesignPatterns.BryanHansen.Observer", "Behavioral\Observer\DesignPatterns.BryanHansen.Observer\DesignPatterns.BryanHansen.Observer.csproj", "{E8127EE5-90C5-42AE-B4E4-D82F48C6EB65}"
EndProject
Project("{2150E333-8FDC-42A3-9474-1A3956D46DE8}") = "Creational", "Creational", "{06513B05-A8EE-438A-9AA7-20D0ACB572A2}"
EndProject
Project("{9A19103F-16F7-4668-BE54-9A1E7A4F7556}") = "DesignPatterns.BryanHansen.Singleton", "Creational\Singleton\DesignPatterns.BryanHansen.Singleton\DesignPatterns.BryanHansen.Singleton.csproj", "{17C28F52-643C-4E8C-BE7C-AD7891FECAD0}"
EndProject
Project("{2150E333-8FDC-42A3-9474-1A3956D46DE8}") = "Mediator", "Mediator", "{608B037D-013D-433B-A6E2-896DF8641904}"
EndProject
Project("{2150E333-8FDC-42A3-9474-1A3956D46DE8}") = "Observer", "Observer", "{E93799F3-426E-419C-84E7-334787BB0CB0}"
EndProject
Project("{2150E333-8FDC-42A3-9474-1A3956D46DE8}") = "Singleton", "Singleton", "{90C4B7CB-713E-4B05-9343-5BDFC59E1CD7}"
EndProject
Project("{2150E333-8FDC-42A3-9474-1A3956D46DE8}") = "Structural", "Structural", "{F46E2963-224D-46A4-BB7A-DE8B7FCBFC77}"
EndProject
Project("{2150E333-8FDC-42A3-9474-1A3956D46DE8}") = "Adapter", "Adapter", "{B021FADD-130E-4E36-A244-B01BEC2B2D50}"
EndProject
Project("{FAE04EC0-301F-11D3-BF4B-00C04F79EFBC}") = "DesignPatterns.GangOfFour.Adapter", "Structural\Adapter\DesignPatterns.GangOfFour.Adapter\DesignPatterns.GangOfFour.Adapter.csproj", "{84FF3344-8B5A-46E8-B5FB-F39D6FD4F83C}"
EndProject
Project("{FAE04EC0-301F-11D3-BF4B-00C04F79EFBC}") = "DesignPatterns.HeadFirst.Adapter", "Structural\Adapter\DesignPatterns.HeadFirst.Adapter\DesignPatterns.HeadFirst.Adapter.csproj", "{CD2F75EB-F57D-4622-92BF-4481090D0960}"
EndProject
Project("{2150E333-8FDC-42A3-9474-1A3956D46DE8}") = "ChainOfResponsibility", "ChainOfResponsibility", "{C974F436-2AF8-47F2-B1B2-AAD8692C5C39}"
EndProject
Project("{FAE04EC0-301F-11D3-BF4B-00C04F79EFBC}") = "DesignPatterns.BryanHansen.ChainOfResponsibility", "Behavioral\ChainOfResponsibility\DesignPatterns.BryanHansen.ChainOfResponsibility\DesignPatterns.BryanHansen.ChainOfResponsibility.csproj", "{10D14CC5-82F3-4318-8342-1A4284722467}"
EndProject
Project("{FAE04EC0-301F-11D3-BF4B-00C04F79EFBC}") = "DesignPatterns.GangOfFour.ChainOfResponsibility", "Behavioral\ChainOfResponsibility\DesignPatterns.GangOfFour.ChainOfResponsibility\DesignPatterns.GangOfFour.ChainOfResponsibility.csproj", "{22D99F82-4100-437D-95CC-AE4588F2E087}"
EndProject
Project("{2150E333-8FDC-42A3-9474-1A3956D46DE8}") = "State", "State", "{EA02501E-7669-46C8-869A-02ABE25AC4FD}"
EndProject
Project("{FAE04EC0-301F-11D3-BF4B-00C04F79EFBC}") = "DesignPatterns.GangOfFour.State", "Behavioral\State\DesignPatterns.GangOfFour.State\DesignPatterns.GangOfFour.State.csproj", "{BB41E363-FDF3-470F-9E14-4C1C19C37823}"
EndProject
Project("{FAE04EC0-301F-11D3-BF4B-00C04F79EFBC}") = "DesignPatterns.HeadFirst.State", "Behavioral\State\DesignPatterns.HeadFirst.State\DesignPatterns.HeadFirst.State.csproj", "{1224BF4F-C63E-41F1-BF98-75A767B94DA5}"
EndProject
Project("{FAE04EC0-301F-11D3-BF4B-00C04F79EFBC}") = "DesignPatterns.ZoranHorvat.State", "Behavioral\State\DesignPatterns.ZoranHorvat.State\DesignPatterns.ZoranHorvat.State.csproj", "{48ABFDE3-4AD5-4B5A-B425-3882C29BEC80}"
EndProject
Project("{2150E333-8FDC-42A3-9474-1A3956D46DE8}") = "Builder", "Builder", "{781A45DE-9B3A-4468-8BE0-F62466DB407A}"
EndProject
Project("{FAE04EC0-301F-11D3-BF4B-00C04F79EFBC}") = "DesignPatterns.JohnSonmez.Builder", "Creational\Builder\DesignPatterns.JohnSonmez.Builder\DesignPatterns.JohnSonmez.Builder.csproj", "{7499ABB8-9B08-4033-BC1C-12766F51D2C3}"
EndProject
Global
	GlobalSection(SolutionConfigurationPlatforms) = preSolution
		Debug|Any CPU = Debug|Any CPU
		Release|Any CPU = Release|Any CPU
	EndGlobalSection
	GlobalSection(ProjectConfigurationPlatforms) = postSolution
		{314330CC-1835-4C26-AF82-AC7EE050EF98}.Debug|Any CPU.ActiveCfg = Debug|Any CPU
		{314330CC-1835-4C26-AF82-AC7EE050EF98}.Debug|Any CPU.Build.0 = Debug|Any CPU
		{314330CC-1835-4C26-AF82-AC7EE050EF98}.Release|Any CPU.ActiveCfg = Release|Any CPU
		{314330CC-1835-4C26-AF82-AC7EE050EF98}.Release|Any CPU.Build.0 = Release|Any CPU
		{E8127EE5-90C5-42AE-B4E4-D82F48C6EB65}.Debug|Any CPU.ActiveCfg = Debug|Any CPU
		{E8127EE5-90C5-42AE-B4E4-D82F48C6EB65}.Debug|Any CPU.Build.0 = Debug|Any CPU
		{E8127EE5-90C5-42AE-B4E4-D82F48C6EB65}.Release|Any CPU.ActiveCfg = Release|Any CPU
		{E8127EE5-90C5-42AE-B4E4-D82F48C6EB65}.Release|Any CPU.Build.0 = Release|Any CPU
		{17C28F52-643C-4E8C-BE7C-AD7891FECAD0}.Debug|Any CPU.ActiveCfg = Debug|Any CPU
		{17C28F52-643C-4E8C-BE7C-AD7891FECAD0}.Debug|Any CPU.Build.0 = Debug|Any CPU
		{17C28F52-643C-4E8C-BE7C-AD7891FECAD0}.Release|Any CPU.ActiveCfg = Release|Any CPU
		{17C28F52-643C-4E8C-BE7C-AD7891FECAD0}.Release|Any CPU.Build.0 = Release|Any CPU
		{84FF3344-8B5A-46E8-B5FB-F39D6FD4F83C}.Debug|Any CPU.ActiveCfg = Debug|Any CPU
		{84FF3344-8B5A-46E8-B5FB-F39D6FD4F83C}.Debug|Any CPU.Build.0 = Debug|Any CPU
		{84FF3344-8B5A-46E8-B5FB-F39D6FD4F83C}.Release|Any CPU.ActiveCfg = Release|Any CPU
		{84FF3344-8B5A-46E8-B5FB-F39D6FD4F83C}.Release|Any CPU.Build.0 = Release|Any CPU
		{CD2F75EB-F57D-4622-92BF-4481090D0960}.Debug|Any CPU.ActiveCfg = Debug|Any CPU
		{CD2F75EB-F57D-4622-92BF-4481090D0960}.Debug|Any CPU.Build.0 = Debug|Any CPU
		{CD2F75EB-F57D-4622-92BF-4481090D0960}.Release|Any CPU.ActiveCfg = Release|Any CPU
		{CD2F75EB-F57D-4622-92BF-4481090D0960}.Release|Any CPU.Build.0 = Release|Any CPU
		{10D14CC5-82F3-4318-8342-1A4284722467}.Debug|Any CPU.ActiveCfg = Debug|Any CPU
		{10D14CC5-82F3-4318-8342-1A4284722467}.Debug|Any CPU.Build.0 = Debug|Any CPU
		{10D14CC5-82F3-4318-8342-1A4284722467}.Release|Any CPU.ActiveCfg = Release|Any CPU
		{10D14CC5-82F3-4318-8342-1A4284722467}.Release|Any CPU.Build.0 = Release|Any CPU
		{22D99F82-4100-437D-95CC-AE4588F2E087}.Debug|Any CPU.ActiveCfg = Debug|Any CPU
		{22D99F82-4100-437D-95CC-AE4588F2E087}.Debug|Any CPU.Build.0 = Debug|Any CPU
		{22D99F82-4100-437D-95CC-AE4588F2E087}.Release|Any CPU.ActiveCfg = Release|Any CPU
		{22D99F82-4100-437D-95CC-AE4588F2E087}.Release|Any CPU.Build.0 = Release|Any CPU
		{BB41E363-FDF3-470F-9E14-4C1C19C37823}.Debug|Any CPU.ActiveCfg = Debug|Any CPU
		{BB41E363-FDF3-470F-9E14-4C1C19C37823}.Debug|Any CPU.Build.0 = Debug|Any CPU
		{BB41E363-FDF3-470F-9E14-4C1C19C37823}.Release|Any CPU.ActiveCfg = Release|Any CPU
		{BB41E363-FDF3-470F-9E14-4C1C19C37823}.Release|Any CPU.Build.0 = Release|Any CPU
		{1224BF4F-C63E-41F1-BF98-75A767B94DA5}.Debug|Any CPU.ActiveCfg = Debug|Any CPU
		{1224BF4F-C63E-41F1-BF98-75A767B94DA5}.Debug|Any CPU.Build.0 = Debug|Any CPU
		{1224BF4F-C63E-41F1-BF98-75A767B94DA5}.Release|Any CPU.ActiveCfg = Release|Any CPU
		{1224BF4F-C63E-41F1-BF98-75A767B94DA5}.Release|Any CPU.Build.0 = Release|Any CPU
		{48ABFDE3-4AD5-4B5A-B425-3882C29BEC80}.Debug|Any CPU.ActiveCfg = Debug|Any CPU
		{48ABFDE3-4AD5-4B5A-B425-3882C29BEC80}.Debug|Any CPU.Build.0 = Debug|Any CPU
		{48ABFDE3-4AD5-4B5A-B425-3882C29BEC80}.Release|Any CPU.ActiveCfg = Release|Any CPU
		{48ABFDE3-4AD5-4B5A-B425-3882C29BEC80}.Release|Any CPU.Build.0 = Release|Any CPU
		{7499ABB8-9B08-4033-BC1C-12766F51D2C3}.Debug|Any CPU.ActiveCfg = Debug|Any CPU
		{7499ABB8-9B08-4033-BC1C-12766F51D2C3}.Debug|Any CPU.Build.0 = Debug|Any CPU
		{7499ABB8-9B08-4033-BC1C-12766F51D2C3}.Release|Any CPU.ActiveCfg = Release|Any CPU
		{7499ABB8-9B08-4033-BC1C-12766F51D2C3}.Release|Any CPU.Build.0 = Release|Any CPU
	EndGlobalSection
	GlobalSection(SolutionProperties) = preSolution
		HideSolutionNode = FALSE
	EndGlobalSection
	GlobalSection(NestedProjects) = preSolution
		{314330CC-1835-4C26-AF82-AC7EE050EF98} = {608B037D-013D-433B-A6E2-896DF8641904}
		{E8127EE5-90C5-42AE-B4E4-D82F48C6EB65} = {E93799F3-426E-419C-84E7-334787BB0CB0}
		{17C28F52-643C-4E8C-BE7C-AD7891FECAD0} = {90C4B7CB-713E-4B05-9343-5BDFC59E1CD7}
		{608B037D-013D-433B-A6E2-896DF8641904} = {8ED2CBF9-DDA4-45BB-90A7-59363EC26012}
		{E93799F3-426E-419C-84E7-334787BB0CB0} = {8ED2CBF9-DDA4-45BB-90A7-59363EC26012}
		{90C4B7CB-713E-4B05-9343-5BDFC59E1CD7} = {06513B05-A8EE-438A-9AA7-20D0ACB572A2}
		{B021FADD-130E-4E36-A244-B01BEC2B2D50} = {F46E2963-224D-46A4-BB7A-DE8B7FCBFC77}
		{84FF3344-8B5A-46E8-B5FB-F39D6FD4F83C} = {B021FADD-130E-4E36-A244-B01BEC2B2D50}
		{CD2F75EB-F57D-4622-92BF-4481090D0960} = {B021FADD-130E-4E36-A244-B01BEC2B2D50}
		{C974F436-2AF8-47F2-B1B2-AAD8692C5C39} = {8ED2CBF9-DDA4-45BB-90A7-59363EC26012}
		{10D14CC5-82F3-4318-8342-1A4284722467} = {C974F436-2AF8-47F2-B1B2-AAD8692C5C39}
		{22D99F82-4100-437D-95CC-AE4588F2E087} = {C974F436-2AF8-47F2-B1B2-AAD8692C5C39}
		{EA02501E-7669-46C8-869A-02ABE25AC4FD} = {8ED2CBF9-DDA4-45BB-90A7-59363EC26012}
		{BB41E363-FDF3-470F-9E14-4C1C19C37823} = {EA02501E-7669-46C8-869A-02ABE25AC4FD}
		{1224BF4F-C63E-41F1-BF98-75A767B94DA5} = {EA02501E-7669-46C8-869A-02ABE25AC4FD}
		{48ABFDE3-4AD5-4B5A-B425-3882C29BEC80} = {EA02501E-7669-46C8-869A-02ABE25AC4FD}
		{781A45DE-9B3A-4468-8BE0-F62466DB407A} = {06513B05-A8EE-438A-9AA7-20D0ACB572A2}
		{7499ABB8-9B08-4033-BC1C-12766F51D2C3} = {781A45DE-9B3A-4468-8BE0-F62466DB407A}
	EndGlobalSection
	GlobalSection(ExtensibilityGlobals) = postSolution
		SolutionGuid = {17A88B47-6867-47C8-80E4-4BCE71E3DAF2}
	EndGlobalSection
EndGlobal
